// !$*UTF8*$!
{
	archiveVersion = 1;
	classes = {
	};
	objectVersion = 56;
	objects = {

/* Begin PBXBuildFile section */
		0BEA7F622BE83BBC00EE5359 /* AppDelegate.swift in Sources */ = {isa = PBXBuildFile; fileRef = 0BEA7F612BE83BBC00EE5359 /* AppDelegate.swift */; };
		0BEA7F642BE83BBC00EE5359 /* SceneDelegate.swift in Sources */ = {isa = PBXBuildFile; fileRef = 0BEA7F632BE83BBC00EE5359 /* SceneDelegate.swift */; };
		0BEA7F662BE83BBC00EE5359 /* ViewController.swift in Sources */ = {isa = PBXBuildFile; fileRef = 0BEA7F652BE83BBC00EE5359 /* ViewController.swift */; };
		0BEA7F6C2BE83BBC00EE5359 /* iOS12_HW22_Mikhailova_Olga.xcdatamodeld in Sources */ = {isa = PBXBuildFile; fileRef = 0BEA7F6A2BE83BBC00EE5359 /* iOS12_HW22_Mikhailova_Olga.xcdatamodeld */; };
		0BEA7F6E2BE83BBE00EE5359 /* Assets.xcassets in Resources */ = {isa = PBXBuildFile; fileRef = 0BEA7F6D2BE83BBE00EE5359 /* Assets.xcassets */; };
		0BEA7F712BE83BBE00EE5359 /* LaunchScreen.storyboard in Resources */ = {isa = PBXBuildFile; fileRef = 0BEA7F6F2BE83BBE00EE5359 /* LaunchScreen.storyboard */; };
		0BEA7F7E2BE8407D00EE5359 /* Person+CoreDataClass.swift in Sources */ = {isa = PBXBuildFile; fileRef = 0BEA7F7C2BE8407D00EE5359 /* Person+CoreDataClass.swift */; };
		0BEA7F822BE8428600EE5359 /* Presenter.swift in Sources */ = {isa = PBXBuildFile; fileRef = 0BEA7F812BE8428600EE5359 /* Presenter.swift */; };
		0BEA7F852BE8429B00EE5359 /* Builder.swift in Sources */ = {isa = PBXBuildFile; fileRef = 0BEA7F842BE8429B00EE5359 /* Builder.swift */; };
		0BEA7F882BE842D500EE5359 /* DetailView.swift in Sources */ = {isa = PBXBuildFile; fileRef = 0BEA7F872BE842D500EE5359 /* DetailView.swift */; };
		0BEA7F8B2BE842F200EE5359 /* TableViewCell.swift in Sources */ = {isa = PBXBuildFile; fileRef = 0BEA7F8A2BE842F200EE5359 /* TableViewCell.swift */; };
		0BEA7F8D2BE8430400EE5359 /* TableView.swift in Sources */ = {isa = PBXBuildFile; fileRef = 0BEA7F8C2BE8430400EE5359 /* TableView.swift */; };
		0BEA7F8F2BE843DF00EE5359 /* ExtensionDate.swift in Sources */ = {isa = PBXBuildFile; fileRef = 0BEA7F8E2BE843DF00EE5359 /* ExtensionDate.swift */; };
		0BEA7F912BE8441800EE5359 /* ExtensionTextField.swift in Sources */ = {isa = PBXBuildFile; fileRef = 0BEA7F902BE8441800EE5359 /* ExtensionTextField.swift */; };
		0BEA7F932BE8446100EE5359 /* CoreDataManager.swift in Sources */ = {isa = PBXBuildFile; fileRef = 0BEA7F922BE8446100EE5359 /* CoreDataManager.swift */; };
/* End PBXBuildFile section */

/* Begin PBXFileReference section */
		0BEA7F5E2BE83BBC00EE5359 /* iOS12-HW22-Mikhailova Olga.app */ = {isa = PBXFileReference; explicitFileType = wrapper.application; includeInIndex = 0; path = "iOS12-HW22-Mikhailova Olga.app"; sourceTree = BUILT_PRODUCTS_DIR; };
		0BEA7F612BE83BBC00EE5359 /* AppDelegate.swift */ = {isa = PBXFileReference; lastKnownFileType = sourcecode.swift; path = AppDelegate.swift; sourceTree = "<group>"; };
		0BEA7F632BE83BBC00EE5359 /* SceneDelegate.swift */ = {isa = PBXFileReference; lastKnownFileType = sourcecode.swift; path = SceneDelegate.swift; sourceTree = "<group>"; };
		0BEA7F652BE83BBC00EE5359 /* ViewController.swift */ = {isa = PBXFileReference; lastKnownFileType = sourcecode.swift; path = ViewController.swift; sourceTree = "<group>"; };
		0BEA7F6B2BE83BBC00EE5359 /* iOS12_HW22_Mikhailova_Olga.xcdatamodel */ = {isa = PBXFileReference; lastKnownFileType = wrapper.xcdatamodel; path = iOS12_HW22_Mikhailova_Olga.xcdatamodel; sourceTree = "<group>"; };
		0BEA7F6D2BE83BBE00EE5359 /* Assets.xcassets */ = {isa = PBXFileReference; lastKnownFileType = folder.assetcatalog; path = Assets.xcassets; sourceTree = "<group>"; };
		0BEA7F702BE83BBE00EE5359 /* Base */ = {isa = PBXFileReference; lastKnownFileType = file.storyboard; name = Base; path = Base.lproj/LaunchScreen.storyboard; sourceTree = "<group>"; };
		0BEA7F722BE83BBE00EE5359 /* Info.plist */ = {isa = PBXFileReference; lastKnownFileType = text.plist.xml; path = Info.plist; sourceTree = "<group>"; };
		0BEA7F7C2BE8407D00EE5359 /* Person+CoreDataClass.swift */ = {isa = PBXFileReference; lastKnownFileType = sourcecode.swift; path = "Person+CoreDataClass.swift"; sourceTree = "<group>"; };
		0BEA7F812BE8428600EE5359 /* Presenter.swift */ = {isa = PBXFileReference; lastKnownFileType = sourcecode.swift; path = Presenter.swift; sourceTree = "<group>"; };
		0BEA7F842BE8429B00EE5359 /* Builder.swift */ = {isa = PBXFileReference; lastKnownFileType = sourcecode.swift; path = Builder.swift; sourceTree = "<group>"; };
		0BEA7F872BE842D500EE5359 /* DetailView.swift */ = {isa = PBXFileReference; lastKnownFileType = sourcecode.swift; path = DetailView.swift; sourceTree = "<group>"; };
		0BEA7F8A2BE842F200EE5359 /* TableViewCell.swift */ = {isa = PBXFileReference; lastKnownFileType = sourcecode.swift; path = TableViewCell.swift; sourceTree = "<group>"; };
		0BEA7F8C2BE8430400EE5359 /* TableView.swift */ = {isa = PBXFileReference; lastKnownFileType = sourcecode.swift; path = TableView.swift; sourceTree = "<group>"; };
		0BEA7F8E2BE843DF00EE5359 /* ExtensionDate.swift */ = {isa = PBXFileReference; lastKnownFileType = sourcecode.swift; path = ExtensionDate.swift; sourceTree = "<group>"; };
		0BEA7F902BE8441800EE5359 /* ExtensionTextField.swift */ = {isa = PBXFileReference; lastKnownFileType = sourcecode.swift; path = ExtensionTextField.swift; sourceTree = "<group>"; };
		0BEA7F922BE8446100EE5359 /* CoreDataManager.swift */ = {isa = PBXFileReference; lastKnownFileType = sourcecode.swift; path = CoreDataManager.swift; sourceTree = "<group>"; };
/* End PBXFileReference section */

/* Begin PBXFrameworksBuildPhase section */
		0BEA7F5B2BE83BBC00EE5359 /* Frameworks */ = {
			isa = PBXFrameworksBuildPhase;
			buildActionMask = 2147483647;
			files = (
			);
			runOnlyForDeploymentPostprocessing = 0;
		};
/* End PBXFrameworksBuildPhase section */

/* Begin PBXGroup section */
		0BEA7F552BE83BBC00EE5359 = {
			isa = PBXGroup;
			children = (
				0BEA7F602BE83BBC00EE5359 /* iOS12-HW22-Mikhailova Olga */,
				0BEA7F5F2BE83BBC00EE5359 /* Products */,
			);
			sourceTree = "<group>";
		};
		0BEA7F5F2BE83BBC00EE5359 /* Products */ = {
			isa = PBXGroup;
			children = (
				0BEA7F5E2BE83BBC00EE5359 /* iOS12-HW22-Mikhailova Olga.app */,
			);
			name = Products;
			sourceTree = "<group>";
		};
		0BEA7F602BE83BBC00EE5359 /* iOS12-HW22-Mikhailova Olga */ = {
			isa = PBXGroup;
			children = (
				0BEA7F792BE83BEA00EE5359 /* App */,
				0BEA7F782BE83BDC00EE5359 /* Resourses */,
				0BEA7F802BE8427200EE5359 /* Presenter */,
				0BEA7F832BE8428B00EE5359 /* Builder */,
				0BEA7F862BE842A700EE5359 /* Extensions */,
				0BEA7F7B2BE83C0D00EE5359 /* ViewController */,
				0BEA7F7A2BE83BF900EE5359 /* Model */,
			);
			path = "iOS12-HW22-Mikhailova Olga";
			sourceTree = "<group>";
		};
		0BEA7F782BE83BDC00EE5359 /* Resourses */ = {
			isa = PBXGroup;
			children = (
				0BEA7F6D2BE83BBE00EE5359 /* Assets.xcassets */,
				0BEA7F6F2BE83BBE00EE5359 /* LaunchScreen.storyboard */,
				0BEA7F722BE83BBE00EE5359 /* Info.plist */,
			);
			path = Resourses;
			sourceTree = "<group>";
		};
		0BEA7F792BE83BEA00EE5359 /* App */ = {
			isa = PBXGroup;
			children = (
				0BEA7F612BE83BBC00EE5359 /* AppDelegate.swift */,
				0BEA7F632BE83BBC00EE5359 /* SceneDelegate.swift */,
			);
			path = App;
			sourceTree = "<group>";
		};
		0BEA7F7A2BE83BF900EE5359 /* Model */ = {
			isa = PBXGroup;
			children = (
				0BEA7F942BE8447B00EE5359 /* CoreDataManager */,
				0BEA7F952BE8448900EE5359 /* Entity */,
			);
			path = Model;
			sourceTree = "<group>";
		};
		0BEA7F7B2BE83C0D00EE5359 /* ViewController */ = {
			isa = PBXGroup;
			children = (
				0BEA7F892BE842DB00EE5359 /* TableView */,
				0BEA7F652BE83BBC00EE5359 /* ViewController.swift */,
				0BEA7F872BE842D500EE5359 /* DetailView.swift */,
			);
			path = ViewController;
			sourceTree = "<group>";
		};
		0BEA7F802BE8427200EE5359 /* Presenter */ = {
			isa = PBXGroup;
			children = (
				0BEA7F812BE8428600EE5359 /* Presenter.swift */,
			);
			path = Presenter;
			sourceTree = "<group>";
		};
		0BEA7F832BE8428B00EE5359 /* Builder */ = {
			isa = PBXGroup;
			children = (
				0BEA7F842BE8429B00EE5359 /* Builder.swift */,
			);
			path = Builder;
			sourceTree = "<group>";
		};
		0BEA7F862BE842A700EE5359 /* Extensions */ = {
			isa = PBXGroup;
			children = (
				0BEA7F8E2BE843DF00EE5359 /* ExtensionDate.swift */,
				0BEA7F902BE8441800EE5359 /* ExtensionTextField.swift */,
			);
			path = Extensions;
			sourceTree = "<group>";
		};
		0BEA7F892BE842DB00EE5359 /* TableView */ = {
			isa = PBXGroup;
			children = (
				0BEA7F8A2BE842F200EE5359 /* TableViewCell.swift */,
				0BEA7F8C2BE8430400EE5359 /* TableView.swift */,
			);
			path = TableView;
			sourceTree = "<group>";
		};
		0BEA7F942BE8447B00EE5359 /* CoreDataManager */ = {
			isa = PBXGroup;
			children = (
				0BEA7F922BE8446100EE5359 /* CoreDataManager.swift */,
			);
			path = CoreDataManager;
			sourceTree = "<group>";
		};
		0BEA7F952BE8448900EE5359 /* Entity */ = {
			isa = PBXGroup;
			children = (
				0BEA7F7C2BE8407D00EE5359 /* Person+CoreDataClass.swift */,
				0BEA7F6A2BE83BBC00EE5359 /* iOS12_HW22_Mikhailova_Olga.xcdatamodeld */,
			);
			path = Entity;
			sourceTree = "<group>";
		};
/* End PBXGroup section */

/* Begin PBXNativeTarget section */
		0BEA7F5D2BE83BBC00EE5359 /* iOS12-HW22-Mikhailova Olga */ = {
			isa = PBXNativeTarget;
			buildConfigurationList = 0BEA7F752BE83BBE00EE5359 /* Build configuration list for PBXNativeTarget "iOS12-HW22-Mikhailova Olga" */;
			buildPhases = (
				0BEA7F5A2BE83BBC00EE5359 /* Sources */,
				0BEA7F5B2BE83BBC00EE5359 /* Frameworks */,
				0BEA7F5C2BE83BBC00EE5359 /* Resources */,
			);
			buildRules = (
			);
			dependencies = (
			);
			name = "iOS12-HW22-Mikhailova Olga";
			productName = "iOS12-HW22-Mikhailova Olga";
			productReference = 0BEA7F5E2BE83BBC00EE5359 /* iOS12-HW22-Mikhailova Olga.app */;
			productType = "com.apple.product-type.application";
		};
/* End PBXNativeTarget section */

/* Begin PBXProject section */
		0BEA7F562BE83BBC00EE5359 /* Project object */ = {
			isa = PBXProject;
			attributes = {
				BuildIndependentTargetsInParallel = 1;
				LastSwiftUpdateCheck = 1500;
				LastUpgradeCheck = 1500;
				TargetAttributes = {
					0BEA7F5D2BE83BBC00EE5359 = {
						CreatedOnToolsVersion = 15.0.1;
					};
				};
			};
			buildConfigurationList = 0BEA7F592BE83BBC00EE5359 /* Build configuration list for PBXProject "iOS12-HW22-Mikhailova Olga" */;
			compatibilityVersion = "Xcode 14.0";
			developmentRegion = en;
			hasScannedForEncodings = 0;
			knownRegions = (
				en,
				Base,
			);
			mainGroup = 0BEA7F552BE83BBC00EE5359;
			productRefGroup = 0BEA7F5F2BE83BBC00EE5359 /* Products */;
			projectDirPath = "";
			projectRoot = "";
			targets = (
				0BEA7F5D2BE83BBC00EE5359 /* iOS12-HW22-Mikhailova Olga */,
			);
		};
/* End PBXProject section */

/* Begin PBXResourcesBuildPhase section */
		0BEA7F5C2BE83BBC00EE5359 /* Resources */ = {
			isa = PBXResourcesBuildPhase;
			buildActionMask = 2147483647;
			files = (
				0BEA7F712BE83BBE00EE5359 /* LaunchScreen.storyboard in Resources */,
				0BEA7F6E2BE83BBE00EE5359 /* Assets.xcassets in Resources */,
			);
			runOnlyForDeploymentPostprocessing = 0;
		};
/* End PBXResourcesBuildPhase section */

/* Begin PBXSourcesBuildPhase section */
		0BEA7F5A2BE83BBC00EE5359 /* Sources */ = {
			isa = PBXSourcesBuildPhase;
			buildActionMask = 2147483647;
			files = (
				0BEA7F662BE83BBC00EE5359 /* ViewController.swift in Sources */,
				0BEA7F912BE8441800EE5359 /* ExtensionTextField.swift in Sources */,
				0BEA7F8F2BE843DF00EE5359 /* ExtensionDate.swift in Sources */,
				0BEA7F882BE842D500EE5359 /* DetailView.swift in Sources */,
				0BEA7F822BE8428600EE5359 /* Presenter.swift in Sources */,
				0BEA7F6C2BE83BBC00EE5359 /* iOS12_HW22_Mikhailova_Olga.xcdatamodeld in Sources */,
				0BEA7F8B2BE842F200EE5359 /* TableViewCell.swift in Sources */,
				0BEA7F7E2BE8407D00EE5359 /* Person+CoreDataClass.swift in Sources */,
				0BEA7F622BE83BBC00EE5359 /* AppDelegate.swift in Sources */,
				0BEA7F642BE83BBC00EE5359 /* SceneDelegate.swift in Sources */,
				0BEA7F8D2BE8430400EE5359 /* TableView.swift in Sources */,
				0BEA7F932BE8446100EE5359 /* CoreDataManager.swift in Sources */,
				0BEA7F852BE8429B00EE5359 /* Builder.swift in Sources */,
			);
			runOnlyForDeploymentPostprocessing = 0;
		};
/* End PBXSourcesBuildPhase section */

/* Begin PBXVariantGroup section */
		0BEA7F6F2BE83BBE00EE5359 /* LaunchScreen.storyboard */ = {
			isa = PBXVariantGroup;
			children = (
				0BEA7F702BE83BBE00EE5359 /* Base */,
			);
			name = LaunchScreen.storyboard;
			sourceTree = "<group>";
		};
/* End PBXVariantGroup section */

/* Begin XCBuildConfiguration section */
		0BEA7F732BE83BBE00EE5359 /* Debug */ = {
			isa = XCBuildConfiguration;
			buildSettings = {
				ALWAYS_SEARCH_USER_PATHS = NO;
				ASSETCATALOG_COMPILER_GENERATE_SWIFT_ASSET_SYMBOL_EXTENSIONS = YES;
				CLANG_ANALYZER_NONNULL = YES;
				CLANG_ANALYZER_NUMBER_OBJECT_CONVERSION = YES_AGGRESSIVE;
				CLANG_CXX_LANGUAGE_STANDARD = "gnu++20";
				CLANG_ENABLE_MODULES = YES;
				CLANG_ENABLE_OBJC_ARC = YES;
				CLANG_ENABLE_OBJC_WEAK = YES;
				CLANG_WARN_BLOCK_CAPTURE_AUTORELEASING = YES;
				CLANG_WARN_BOOL_CONVERSION = YES;
				CLANG_WARN_COMMA = YES;
				CLANG_WARN_CONSTANT_CONVERSION = YES;
				CLANG_WARN_DEPRECATED_OBJC_IMPLEMENTATIONS = YES;
				CLANG_WARN_DIRECT_OBJC_ISA_USAGE = YES_ERROR;
				CLANG_WARN_DOCUMENTATION_COMMENTS = YES;
				CLANG_WARN_EMPTY_BODY = YES;
				CLANG_WARN_ENUM_CONVERSION = YES;
				CLANG_WARN_INFINITE_RECURSION = YES;
				CLANG_WARN_INT_CONVERSION = YES;
				CLANG_WARN_NON_LITERAL_NULL_CONVERSION = YES;
				CLANG_WARN_OBJC_IMPLICIT_RETAIN_SELF = YES;
				CLANG_WARN_OBJC_LITERAL_CONVERSION = YES;
				CLANG_WARN_OBJC_ROOT_CLASS = YES_ERROR;
				CLANG_WARN_QUOTED_INCLUDE_IN_FRAMEWORK_HEADER = YES;
				CLANG_WARN_RANGE_LOOP_ANALYSIS = YES;
				CLANG_WARN_STRICT_PROTOTYPES = YES;
				CLANG_WARN_SUSPICIOUS_MOVE = YES;
				CLANG_WARN_UNGUARDED_AVAILABILITY = YES_AGGRESSIVE;
				CLANG_WARN_UNREACHABLE_CODE = YES;
				CLANG_WARN__DUPLICATE_METHOD_MATCH = YES;
				COPY_PHASE_STRIP = NO;
				DEBUG_INFORMATION_FORMAT = dwarf;
				ENABLE_STRICT_OBJC_MSGSEND = YES;
				ENABLE_TESTABILITY = YES;
				ENABLE_USER_SCRIPT_SANDBOXING = YES;
				GCC_C_LANGUAGE_STANDARD = gnu17;
				GCC_DYNAMIC_NO_PIC = NO;
				GCC_NO_COMMON_BLOCKS = YES;
				GCC_OPTIMIZATION_LEVEL = 0;
				GCC_PREPROCESSOR_DEFINITIONS = (
					"DEBUG=1",
					"$(inherited)",
				);
				GCC_WARN_64_TO_32_BIT_CONVERSION = YES;
				GCC_WARN_ABOUT_RETURN_TYPE = YES_ERROR;
				GCC_WARN_UNDECLARED_SELECTOR = YES;
				GCC_WARN_UNINITIALIZED_AUTOS = YES_AGGRESSIVE;
				GCC_WARN_UNUSED_FUNCTION = YES;
				GCC_WARN_UNUSED_VARIABLE = YES;
				IPHONEOS_DEPLOYMENT_TARGET = 17.0;
				LOCALIZATION_PREFERS_STRING_CATALOGS = YES;
				MTL_ENABLE_DEBUG_INFO = INCLUDE_SOURCE;
				MTL_FAST_MATH = YES;
				ONLY_ACTIVE_ARCH = YES;
				SDKROOT = iphoneos;
				SWIFT_ACTIVE_COMPILATION_CONDITIONS = "DEBUG $(inherited)";
				SWIFT_OPTIMIZATION_LEVEL = "-Onone";
			};
			name = Debug;
		};
		0BEA7F742BE83BBE00EE5359 /* Release */ = {
			isa = XCBuildConfiguration;
			buildSettings = {
				ALWAYS_SEARCH_USER_PATHS = NO;
				ASSETCATALOG_COMPILER_GENERATE_SWIFT_ASSET_SYMBOL_EXTENSIONS = YES;
				CLANG_ANALYZER_NONNULL = YES;
				CLANG_ANALYZER_NUMBER_OBJECT_CONVERSION = YES_AGGRESSIVE;
				CLANG_CXX_LANGUAGE_STANDARD = "gnu++20";
				CLANG_ENABLE_MODULES = YES;
				CLANG_ENABLE_OBJC_ARC = YES;
				CLANG_ENABLE_OBJC_WEAK = YES;
				CLANG_WARN_BLOCK_CAPTURE_AUTORELEASING = YES;
				CLANG_WARN_BOOL_CONVERSION = YES;
				CLANG_WARN_COMMA = YES;
				CLANG_WARN_CONSTANT_CONVERSION = YES;
				CLANG_WARN_DEPRECATED_OBJC_IMPLEMENTATIONS = YES;
				CLANG_WARN_DIRECT_OBJC_ISA_USAGE = YES_ERROR;
				CLANG_WARN_DOCUMENTATION_COMMENTS = YES;
				CLANG_WARN_EMPTY_BODY = YES;
				CLANG_WARN_ENUM_CONVERSION = YES;
				CLANG_WARN_INFINITE_RECURSION = YES;
				CLANG_WARN_INT_CONVERSION = YES;
				CLANG_WARN_NON_LITERAL_NULL_CONVERSION = YES;
				CLANG_WARN_OBJC_IMPLICIT_RETAIN_SELF = YES;
				CLANG_WARN_OBJC_LITERAL_CONVERSION = YES;
				CLANG_WARN_OBJC_ROOT_CLASS = YES_ERROR;
				CLANG_WARN_QUOTED_INCLUDE_IN_FRAMEWORK_HEADER = YES;
				CLANG_WARN_RANGE_LOOP_ANALYSIS = YES;
				CLANG_WARN_STRICT_PROTOTYPES = YES;
				CLANG_WARN_SUSPICIOUS_MOVE = YES;
				CLANG_WARN_UNGUARDED_AVAILABILITY = YES_AGGRESSIVE;
				CLANG_WARN_UNREACHABLE_CODE = YES;
				CLANG_WARN__DUPLICATE_METHOD_MATCH = YES;
				COPY_PHASE_STRIP = NO;
				DEBUG_INFORMATION_FORMAT = "dwarf-with-dsym";
				ENABLE_NS_ASSERTIONS = NO;
				ENABLE_STRICT_OBJC_MSGSEND = YES;
				ENABLE_USER_SCRIPT_SANDBOXING = YES;
				GCC_C_LANGUAGE_STANDARD = gnu17;
				GCC_NO_COMMON_BLOCKS = YES;
				GCC_WARN_64_TO_32_BIT_CONVERSION = YES;
				GCC_WARN_ABOUT_RETURN_TYPE = YES_ERROR;
				GCC_WARN_UNDECLARED_SELECTOR = YES;
				GCC_WARN_UNINITIALIZED_AUTOS = YES_AGGRESSIVE;
				GCC_WARN_UNUSED_FUNCTION = YES;
				GCC_WARN_UNUSED_VARIABLE = YES;
				IPHONEOS_DEPLOYMENT_TARGET = 17.0;
				LOCALIZATION_PREFERS_STRING_CATALOGS = YES;
				MTL_ENABLE_DEBUG_INFO = NO;
				MTL_FAST_MATH = YES;
				SDKROOT = iphoneos;
				SWIFT_COMPILATION_MODE = wholemodule;
				VALIDATE_PRODUCT = YES;
			};
			name = Release;
		};
		0BEA7F762BE83BBE00EE5359 /* Debug */ = {
			isa = XCBuildConfiguration;
			buildSettings = {
				ASSETCATALOG_COMPILER_APPICON_NAME = AppIcon;
				ASSETCATALOG_COMPILER_GLOBAL_ACCENT_COLOR_NAME = AccentColor;
				CODE_SIGN_STYLE = Automatic;
				CURRENT_PROJECT_VERSION = 1;
				GENERATE_INFOPLIST_FILE = YES;
				INFOPLIST_FILE = "iOS12-HW22-Mikhailova Olga/Resourses/Info.plist";
				INFOPLIST_KEY_UIApplicationSupportsIndirectInputEvents = YES;
				INFOPLIST_KEY_UILaunchStoryboardName = LaunchScreen;
				INFOPLIST_KEY_UISupportedInterfaceOrientations_iPad = "UIInterfaceOrientationPortrait UIInterfaceOrientationPortraitUpsideDown UIInterfaceOrientationLandscapeLeft UIInterfaceOrientationLandscapeRight";
				INFOPLIST_KEY_UISupportedInterfaceOrientations_iPhone = "UIInterfaceOrientationPortrait UIInterfaceOrientationLandscapeLeft UIInterfaceOrientationLandscapeRight";
				LD_RUNPATH_SEARCH_PATHS = (
					"$(inherited)",
					"@executable_path/Frameworks",
				);
				MARKETING_VERSION = 1.0;
				PRODUCT_BUNDLE_IDENTIFIER = "mycompany.iOS12-HW22-Mikhailova-Olga";
				PRODUCT_NAME = "$(TARGET_NAME)";
				SWIFT_EMIT_LOC_STRINGS = YES;
				SWIFT_VERSION = 5.0;
				TARGETED_DEVICE_FAMILY = "1,2";
			};
			name = Debug;
		};
		0BEA7F772BE83BBE00EE5359 /* Release */ = {
			isa = XCBuildConfiguration;
			buildSettings = {
				ASSETCATALOG_COMPILER_APPICON_NAME = AppIcon;
				ASSETCATALOG_COMPILER_GLOBAL_ACCENT_COLOR_NAME = AccentColor;
				CODE_SIGN_STYLE = Automatic;
				CURRENT_PROJECT_VERSION = 1;
				GENERATE_INFOPLIST_FILE = YES;
				INFOPLIST_FILE = "iOS12-HW22-Mikhailova Olga/Resourses/Info.plist";
				INFOPLIST_KEY_UIApplicationSupportsIndirectInputEvents = YES;
				INFOPLIST_KEY_UILaunchStoryboardName = LaunchScreen;
				INFOPLIST_KEY_UISupportedInterfaceOrientations_iPad = "UIInterfaceOrientationPortrait UIInterfaceOrientationPortraitUpsideDown UIInterfaceOrientationLandscapeLeft UIInterfaceOrientationLandscapeRight";
				INFOPLIST_KEY_UISupportedInterfaceOrientations_iPhone = "UIInterfaceOrientationPortrait UIInterfaceOrientationLandscapeLeft UIInterfaceOrientationLandscapeRight";
				LD_RUNPATH_SEARCH_PATHS = (
					"$(inherited)",
					"@executable_path/Frameworks",
				);
				MARKETING_VERSION = 1.0;
				PRODUCT_BUNDLE_IDENTIFIER = "mycompany.iOS12-HW22-Mikhailova-Olga";
				PRODUCT_NAME = "$(TARGET_NAME)";
				SWIFT_EMIT_LOC_STRINGS = YES;
				SWIFT_VERSION = 5.0;
				TARGETED_DEVICE_FAMILY = "1,2";
			};
			name = Release;
		};
/* End XCBuildConfiguration section */

/* Begin XCConfigurationList section */
		0BEA7F592BE83BBC00EE5359 /* Build configuration list for PBXProject "iOS12-HW22-Mikhailova Olga" */ = {
			isa = XCConfigurationList;
			buildConfigurations = (
				0BEA7F732BE83BBE00EE5359 /* Debug */,
				0BEA7F742BE83BBE00EE5359 /* Release */,
			);
			defaultConfigurationIsVisible = 0;
			defaultConfigurationName = Release;
		};
		0BEA7F752BE83BBE00EE5359 /* Build configuration list for PBXNativeTarget "iOS12-HW22-Mikhailova Olga" */ = {
			isa = XCConfigurationList;
			buildConfigurations = (
				0BEA7F762BE83BBE00EE5359 /* Debug */,
				0BEA7F772BE83BBE00EE5359 /* Release */,
			);
			defaultConfigurationIsVisible = 0;
			defaultConfigurationName = Release;
		};
/* End XCConfigurationList section */

/* Begin XCVersionGroup section */
		0BEA7F6A2BE83BBC00EE5359 /* iOS12_HW22_Mikhailova_Olga.xcdatamodeld */ = {
			isa = XCVersionGroup;
			children = (
				0BEA7F6B2BE83BBC00EE5359 /* iOS12_HW22_Mikhailova_Olga.xcdatamodel */,
			);
			currentVersion = 0BEA7F6B2BE83BBC00EE5359 /* iOS12_HW22_Mikhailova_Olga.xcdatamodel */;
			path = iOS12_HW22_Mikhailova_Olga.xcdatamodeld;
			sourceTree = "<group>";
			versionGroupType = wrapper.xcdatamodel;
		};
/* End XCVersionGroup section */
	};
	rootObject = 0BEA7F562BE83BBC00EE5359 /* Project object */;
}
